
Microsoft Visual Studio Solution File, Format Version 12.00
# Visual Studio Version 16
VisualStudioVersion = 16.0.30011.22
MinimumVisualStudioVersion = 10.0.40219.1
Project("{9A19103F-16F7-4668-BE54-9A1E7A4F7556}") = "API_FullGasPrueba", "API_FullGasPrueba\API_FullGasPrueba.csproj", "{8FBFA349-DFF9-41E1-9D07-141294737E85}"
EndProject
Project("{9A19103F-16F7-4668-BE54-9A1E7A4F7556}") = "FullGas.Core", "FullGas.Core\FullGas.Core.csproj", "{3D95D91C-1AD0-4532-843E-7969B145923B}"
EndProject
Project("{9A19103F-16F7-4668-BE54-9A1E7A4F7556}") = "FullGas.Infraestructure", "FullGas.Infraestructure\FullGas.Infraestructure.csproj", "{1CC4EA84-67BD-44B6-86CD-2F8ECFA3F5C5}"
EndProject
Global
	GlobalSection(SolutionConfigurationPlatforms) = preSolution
		Debug|Any CPU = Debug|Any CPU
		Release|Any CPU = Release|Any CPU
	EndGlobalSection
	GlobalSection(ProjectConfigurationPlatforms) = postSolution
		{8FBFA349-DFF9-41E1-9D07-141294737E85}.Debug|Any CPU.ActiveCfg = Debug|Any CPU
		{8FBFA349-DFF9-41E1-9D07-141294737E85}.Debug|Any CPU.Build.0 = Debug|Any CPU
		{8FBFA349-DFF9-41E1-9D07-141294737E85}.Release|Any CPU.ActiveCfg = Release|Any CPU
		{8FBFA349-DFF9-41E1-9D07-141294737E85}.Release|Any CPU.Build.0 = Release|Any CPU
		{3D95D91C-1AD0-4532-843E-7969B145923B}.Debug|Any CPU.ActiveCfg = Debug|Any CPU
		{3D95D91C-1AD0-4532-843E-7969B145923B}.Debug|Any CPU.Build.0 = Debug|Any CPU
		{3D95D91C-1AD0-4532-843E-7969B145923B}.Release|Any CPU.ActiveCfg = Release|Any CPU
		{3D95D91C-1AD0-4532-843E-7969B145923B}.Release|Any CPU.Build.0 = Release|Any CPU
		{1CC4EA84-67BD-44B6-86CD-2F8ECFA3F5C5}.Debug|Any CPU.ActiveCfg = Debug|Any CPU
		{1CC4EA84-67BD-44B6-86CD-2F8ECFA3F5C5}.Debug|Any CPU.Build.0 = Debug|Any CPU
		{1CC4EA84-67BD-44B6-86CD-2F8ECFA3F5C5}.Release|Any CPU.ActiveCfg = Release|Any CPU
		{1CC4EA84-67BD-44B6-86CD-2F8ECFA3F5C5}.Release|Any CPU.Build.0 = Release|Any CPU
	EndGlobalSection
	GlobalSection(SolutionProperties) = preSolution
		HideSolutionNode = FALSE
	EndGlobalSection
	GlobalSection(ExtensibilityGlobals) = postSolution
		SolutionGuid = {E4A5FBDF-C9C1-48CE-9F6A-868A35261B9E}
	EndGlobalSection
EndGlobal
